Microsoft Visual Studio Solution File, Format Version 12.00
# Visual Studio Version 17
VisualStudioVersion = 17.5.2.0
MinimumVisualStudioVersion = 10.0.40219.1
Project("{FAE04EC0-301F-11D3-BF4B-00C04F79EFBC}") = "SmartBank.MVC", "SmartBank.MVC.csproj", "{2DA53E0B-04EA-DBF4-E91E-54424105E0C1}"
EndProject
Global
	GlobalSection(SolutionConfigurationPlatforms) = preSolution
		Debug|Any CPU = Debug|Any CPU
		Release|Any CPU = Release|Any CPU
	EndGlobalSection
	GlobalSection(ProjectConfigurationPlatforms) = postSolution
		{2DA53E0B-04EA-DBF4-E91E-54424105E0C1}.Debug|Any CPU.ActiveCfg = Debug|Any CPU
		{2DA53E0B-04EA-DBF4-E91E-54424105E0C1}.Debug|Any CPU.Build.0 = Debug|Any CPU
		{2DA53E0B-04EA-DBF4-E91E-54424105E0C1}.Release|Any CPU.ActiveCfg = Release|Any CPU
		{2DA53E0B-04EA-DBF4-E91E-54424105E0C1}.Release|Any CPU.Build.0 = Release|Any CPU
	EndGlobalSection
	GlobalSection(SolutionProperties) = preSolution
		HideSolutionNode = FALSE
	EndGlobalSection
	GlobalSection(ExtensibilityGlobals) = postSolution
		SolutionGuid = {2662099D-6188-4CDE-BCA2-A357B4E91C44}
	EndGlobalSection
EndGlobal
